<?xml version="1.0" encoding="utf-8"?>
<Project ToolsVersion="4.0" xmlns="http://schemas.microsoft.com/developer/msbuild/2003">
  <ItemGroup>
    <Filter Include="Source Files">
      <UniqueIdentifier>{f579d58e-d1d9-4737-a499-3ede4ef50521}</UniqueIdentifier>
      <Extensions>cpp;c;cxx;rc;def;r;odl;idl;hpj;bat</Extensions>
    </Filter>
    <Filter Include="Header Files">
      <UniqueIdentifier>{e1f58d5c-e76c-4807-b353-30944d15c2e0}</UniqueIdentifier>
      <Extensions>h;hpp;hxx;hm;inl</Extensions>
    </Filter>
    <Filter Include="Test Data">
      <UniqueIdentifier>{8c9e7fb1-6896-45ae-a506-8c082cb3373e}</UniqueIdentifier>
    </Filter>
    <Filter Include="Resource Files">
      <UniqueIdentifier>{4b676016-d213-4832-9963-3d08f1e61073}</UniqueIdentifier>
      <Extensions>ico;cur;bmp;dlg;rc2;rct;bin;rgs;gif;jpg;jpeg;jpe</Extensions>
    </Filter>
  </ItemGroup>
  <ItemGroup>
    <ClCompile Include="..\..\sample\ann_sample.cpp">
      <Filter>Source Files</Filter>
    </ClCompile>
  </ItemGroup>
  <ItemGroup>
    <None Include="ReadMe.txt" />
  </ItemGroup>
  <ItemGroup>
    <CustomBuildStep Include="data_pts">
      <Filter>Test Data</Filter>
    </CustomBuildStep>
    <CustomBuildStep Include="query_pts">
      <Filter>Test Data</Filter>
    </CustomBuildStep>
    <CustomBuildStep Include="sample.out">
      <Filter>Test Data</Filter>
    </CustomBuildStep>
  </ItemGroup>
</Project>